// !$*UTF8*$!
{
	archiveVersion = 1;
	classes = {
	};
	objectVersion = 56;
	objects = {

/* Begin PBXBuildFile section */
		3CCB2222B22108F91BFB21F6 /* Pods_GamesApp.framework in Frameworks */ = {isa = PBXBuildFile; fileRef = A6CD03A18A9F2A60AB023058 /* Pods_GamesApp.framework */; };
		6C09460129753D32007BCB8F /* GamesDetailTableViewAdapter.swift in Sources */ = {isa = PBXBuildFile; fileRef = 6C09460029753D32007BCB8F /* GamesDetailTableViewAdapter.swift */; };
		6C09460429753E32007BCB8F /* GamesDetailViewModel.swift in Sources */ = {isa = PBXBuildFile; fileRef = 6C09460329753E32007BCB8F /* GamesDetailViewModel.swift */; };
		6C09460729753F9C007BCB8F /* Double+Extensions.swift in Sources */ = {isa = PBXBuildFile; fileRef = 6C09460629753F9C007BCB8F /* Double+Extensions.swift */; };
		6C09460C2975406F007BCB8F /* NoteCell.xib in Resources */ = {isa = PBXBuildFile; fileRef = 6C09460A2975406F007BCB8F /* NoteCell.xib */; };
		6C09460D2975406F007BCB8F /* NoteCell.swift in Sources */ = {isa = PBXBuildFile; fileRef = 6C09460B2975406F007BCB8F /* NoteCell.swift */; };
		6C09460F297544DA007BCB8F /* GamesDetailCollectionViewAdapter.swift in Sources */ = {isa = PBXBuildFile; fileRef = 6C09460E297544DA007BCB8F /* GamesDetailCollectionViewAdapter.swift */; };
		6C094613297545DE007BCB8F /* ImageCell.xib in Resources */ = {isa = PBXBuildFile; fileRef = 6C094611297545DE007BCB8F /* ImageCell.xib */; };
		6C094614297545DE007BCB8F /* ImageCell.swift in Sources */ = {isa = PBXBuildFile; fileRef = 6C094612297545DE007BCB8F /* ImageCell.swift */; };
		6C09461629754C98007BCB8F /* NotificationManager.swift in Sources */ = {isa = PBXBuildFile; fileRef = 6C09461529754C98007BCB8F /* NotificationManager.swift */; };
		6C1626D02974664900CFFE4B /* GamePickerViewAdapter.swift in Sources */ = {isa = PBXBuildFile; fileRef = 6C1626CF2974664900CFFE4B /* GamePickerViewAdapter.swift */; };
		6C1626D429746FCF00CFFE4B /* ViewState.swift in Sources */ = {isa = PBXBuildFile; fileRef = 6C1626D329746FCF00CFFE4B /* ViewState.swift */; };
		6C1626D729747E6A00CFFE4B /* CoreDataManager.swift in Sources */ = {isa = PBXBuildFile; fileRef = 6C1626D629747E6A00CFFE4B /* CoreDataManager.swift */; };
		6C5BCE2429734AF400B71BEC /* AppDelegate.swift in Sources */ = {isa = PBXBuildFile; fileRef = 6C5BCE2329734AF400B71BEC /* AppDelegate.swift */; };
		6C5BCE2829734AF400B71BEC /* ViewController.swift in Sources */ = {isa = PBXBuildFile; fileRef = 6C5BCE2729734AF400B71BEC /* ViewController.swift */; };
		6C5BCE2B29734AF400B71BEC /* Main.storyboard in Resources */ = {isa = PBXBuildFile; fileRef = 6C5BCE2929734AF400B71BEC /* Main.storyboard */; };
		6C5BCE2E29734AF400B71BEC /* GamesApp.xcdatamodeld in Sources */ = {isa = PBXBuildFile; fileRef = 6C5BCE2C29734AF400B71BEC /* GamesApp.xcdatamodeld */; };
		6C5BCE3029734AF500B71BEC /* Assets.xcassets in Resources */ = {isa = PBXBuildFile; fileRef = 6C5BCE2F29734AF500B71BEC /* Assets.xcassets */; };
		6C5BCE3329734AF500B71BEC /* LaunchScreen.storyboard in Resources */ = {isa = PBXBuildFile; fileRef = 6C5BCE3129734AF500B71BEC /* LaunchScreen.storyboard */; };
		6C5BCE4229734F3A00B71BEC /* NetworkHelper.swift in Sources */ = {isa = PBXBuildFile; fileRef = 6C5BCE4129734F3A00B71BEC /* NetworkHelper.swift */; };
		6C5BCE442973519A00B71BEC /* NetworkManager.swift in Sources */ = {isa = PBXBuildFile; fileRef = 6C5BCE432973519A00B71BEC /* NetworkManager.swift */; };
		6C5BCE4D29735DC500B71BEC /* SplashViewController.xib in Resources */ = {isa = PBXBuildFile; fileRef = 6C5BCE4B29735DC500B71BEC /* SplashViewController.xib */; };
		6C5BCE4E29735DC500B71BEC /* SplashViewController.swift in Sources */ = {isa = PBXBuildFile; fileRef = 6C5BCE4C29735DC500B71BEC /* SplashViewController.swift */; };
		6C5BCE5729735F1E00B71BEC /* GamesViewController.xib in Resources */ = {isa = PBXBuildFile; fileRef = 6C5BCE5529735F1E00B71BEC /* GamesViewController.xib */; };
		6C5BCE5829735F1E00B71BEC /* GamesViewController.swift in Sources */ = {isa = PBXBuildFile; fileRef = 6C5BCE5629735F1E00B71BEC /* GamesViewController.swift */; };
		6C5BCE5C297364B200B71BEC /* NSObject+Extension.swift in Sources */ = {isa = PBXBuildFile; fileRef = 6C5BCE5B297364B200B71BEC /* NSObject+Extension.swift */; };
		6C5BCE602973650C00B71BEC /* UITableView+Extension.swift in Sources */ = {isa = PBXBuildFile; fileRef = 6C5BCE5F2973650C00B71BEC /* UITableView+Extension.swift */; };
		6C5BCE632973657F00B71BEC /* GamesTableViewAdapter.swift in Sources */ = {isa = PBXBuildFile; fileRef = 6C5BCE622973657F00B71BEC /* GamesTableViewAdapter.swift */; };
		6C5BCE65297365B200B71BEC /* GamesViewModel.swift in Sources */ = {isa = PBXBuildFile; fileRef = 6C5BCE64297365B200B71BEC /* GamesViewModel.swift */; };
		6C5BCE682973668600B71BEC /* GamesCell.xib in Resources */ = {isa = PBXBuildFile; fileRef = 6C5BCE662973668600B71BEC /* GamesCell.xib */; };
		6C5BCE692973668600B71BEC /* GamesCell.swift in Sources */ = {isa = PBXBuildFile; fileRef = 6C5BCE672973668600B71BEC /* GamesCell.swift */; };
		6C5BCE6B29736C5000B71BEC /* GamesModel.swift in Sources */ = {isa = PBXBuildFile; fileRef = 6C5BCE6A29736C5000B71BEC /* GamesModel.swift */; };
		6C5BCE6D29736C6200B71BEC /* GamesApiModel.swift in Sources */ = {isa = PBXBuildFile; fileRef = 6C5BCE6C29736C6200B71BEC /* GamesApiModel.swift */; };
		6CA04A7429748AB200E3B89C /* GamesCellModel.swift in Sources */ = {isa = PBXBuildFile; fileRef = 6CA04A7329748AB200E3B89C /* GamesCellModel.swift */; };
		6CA04A7629748E7E00E3B89C /* DatabaseError.swift in Sources */ = {isa = PBXBuildFile; fileRef = 6CA04A7529748E7E00E3B89C /* DatabaseError.swift */; };
		6CA04A7F29748FB200E3B89C /* GamesDetailViewController.xib in Resources */ = {isa = PBXBuildFile; fileRef = 6CA04A7D29748FB200E3B89C /* GamesDetailViewController.xib */; };
		6CA04A8029748FB200E3B89C /* GamesDetailViewController.swift in Sources */ = {isa = PBXBuildFile; fileRef = 6CA04A7E29748FB200E3B89C /* GamesDetailViewController.swift */; };
		6CA04A8229749A2500E3B89C /* UIView+Extensions.swift in Sources */ = {isa = PBXBuildFile; fileRef = 6CA04A8129749A2500E3B89C /* UIView+Extensions.swift */; };
/* End PBXBuildFile section */

/* Begin PBXFileReference section */
		17FD2AC8B8F0D149B4A74DD1 /* Pods-GamesApp.debug.xcconfig */ = {isa = PBXFileReference; includeInIndex = 1; lastKnownFileType = text.xcconfig; name = "Pods-GamesApp.debug.xcconfig"; path = "Target Support Files/Pods-GamesApp/Pods-GamesApp.debug.xcconfig"; sourceTree = "<group>"; };
		6C09460029753D32007BCB8F /* GamesDetailTableViewAdapter.swift */ = {isa = PBXFileReference; lastKnownFileType = sourcecode.swift; path = GamesDetailTableViewAdapter.swift; sourceTree = "<group>"; };
		6C09460329753E32007BCB8F /* GamesDetailViewModel.swift */ = {isa = PBXFileReference; lastKnownFileType = sourcecode.swift; path = GamesDetailViewModel.swift; sourceTree = "<group>"; };
		6C09460629753F9C007BCB8F /* Double+Extensions.swift */ = {isa = PBXFileReference; lastKnownFileType = sourcecode.swift; path = "Double+Extensions.swift"; sourceTree = "<group>"; };
		6C09460A2975406F007BCB8F /* NoteCell.xib */ = {isa = PBXFileReference; lastKnownFileType = file.xib; path = NoteCell.xib; sourceTree = "<group>"; };
		6C09460B2975406F007BCB8F /* NoteCell.swift */ = {isa = PBXFileReference; lastKnownFileType = sourcecode.swift; path = NoteCell.swift; sourceTree = "<group>"; };
		6C09460E297544DA007BCB8F /* GamesDetailCollectionViewAdapter.swift */ = {isa = PBXFileReference; lastKnownFileType = sourcecode.swift; path = GamesDetailCollectionViewAdapter.swift; sourceTree = "<group>"; };
		6C094611297545DE007BCB8F /* ImageCell.xib */ = {isa = PBXFileReference; lastKnownFileType = file.xib; path = ImageCell.xib; sourceTree = "<group>"; };
		6C094612297545DE007BCB8F /* ImageCell.swift */ = {isa = PBXFileReference; lastKnownFileType = sourcecode.swift; path = ImageCell.swift; sourceTree = "<group>"; };
		6C09461529754C98007BCB8F /* NotificationManager.swift */ = {isa = PBXFileReference; lastKnownFileType = sourcecode.swift; path = NotificationManager.swift; sourceTree = "<group>"; };
		6C1626CF2974664900CFFE4B /* GamePickerViewAdapter.swift */ = {isa = PBXFileReference; lastKnownFileType = sourcecode.swift; path = GamePickerViewAdapter.swift; sourceTree = "<group>"; };
		6C1626D329746FCF00CFFE4B /* ViewState.swift */ = {isa = PBXFileReference; lastKnownFileType = sourcecode.swift; path = ViewState.swift; sourceTree = "<group>"; };
		6C1626D629747E6A00CFFE4B /* CoreDataManager.swift */ = {isa = PBXFileReference; lastKnownFileType = sourcecode.swift; path = CoreDataManager.swift; sourceTree = "<group>"; };
		6C5BCE2029734AF400B71BEC /* GamesApp.app */ = {isa = PBXFileReference; explicitFileType = wrapper.application; includeInIndex = 0; path = GamesApp.app; sourceTree = BUILT_PRODUCTS_DIR; };
		6C5BCE2329734AF400B71BEC /* AppDelegate.swift */ = {isa = PBXFileReference; lastKnownFileType = sourcecode.swift; path = AppDelegate.swift; sourceTree = "<group>"; };
		6C5BCE2729734AF400B71BEC /* ViewController.swift */ = {isa = PBXFileReference; lastKnownFileType = sourcecode.swift; path = ViewController.swift; sourceTree = "<group>"; };
		6C5BCE2A29734AF400B71BEC /* Base */ = {isa = PBXFileReference; lastKnownFileType = file.storyboard; name = Base; path = Base.lproj/Main.storyboard; sourceTree = "<group>"; };
		6C5BCE2D29734AF400B71BEC /* GamesApp.xcdatamodel */ = {isa = PBXFileReference; lastKnownFileType = wrapper.xcdatamodel; path = GamesApp.xcdatamodel; sourceTree = "<group>"; };
		6C5BCE2F29734AF500B71BEC /* Assets.xcassets */ = {isa = PBXFileReference; lastKnownFileType = folder.assetcatalog; path = Assets.xcassets; sourceTree = "<group>"; };
		6C5BCE3229734AF500B71BEC /* Base */ = {isa = PBXFileReference; lastKnownFileType = file.storyboard; name = Base; path = Base.lproj/LaunchScreen.storyboard; sourceTree = "<group>"; };
		6C5BCE3429734AF500B71BEC /* Info.plist */ = {isa = PBXFileReference; lastKnownFileType = text.plist.xml; path = Info.plist; sourceTree = "<group>"; };
		6C5BCE4129734F3A00B71BEC /* NetworkHelper.swift */ = {isa = PBXFileReference; lastKnownFileType = sourcecode.swift; path = NetworkHelper.swift; sourceTree = "<group>"; };
		6C5BCE432973519A00B71BEC /* NetworkManager.swift */ = {isa = PBXFileReference; lastKnownFileType = sourcecode.swift; path = NetworkManager.swift; sourceTree = "<group>"; };
		6C5BCE4B29735DC500B71BEC /* SplashViewController.xib */ = {isa = PBXFileReference; lastKnownFileType = file.xib; path = SplashViewController.xib; sourceTree = "<group>"; };
		6C5BCE4C29735DC500B71BEC /* SplashViewController.swift */ = {isa = PBXFileReference; lastKnownFileType = sourcecode.swift; path = SplashViewController.swift; sourceTree = "<group>"; };
		6C5BCE5529735F1E00B71BEC /* GamesViewController.xib */ = {isa = PBXFileReference; lastKnownFileType = file.xib; path = GamesViewController.xib; sourceTree = "<group>"; };
		6C5BCE5629735F1E00B71BEC /* GamesViewController.swift */ = {isa = PBXFileReference; lastKnownFileType = sourcecode.swift; path = GamesViewController.swift; sourceTree = "<group>"; };
		6C5BCE5B297364B200B71BEC /* NSObject+Extension.swift */ = {isa = PBXFileReference; lastKnownFileType = sourcecode.swift; path = "NSObject+Extension.swift"; sourceTree = "<group>"; };
		6C5BCE5F2973650C00B71BEC /* UITableView+Extension.swift */ = {isa = PBXFileReference; lastKnownFileType = sourcecode.swift; path = "UITableView+Extension.swift"; sourceTree = "<group>"; };
		6C5BCE622973657F00B71BEC /* GamesTableViewAdapter.swift */ = {isa = PBXFileReference; lastKnownFileType = sourcecode.swift; path = GamesTableViewAdapter.swift; sourceTree = "<group>"; };
		6C5BCE64297365B200B71BEC /* GamesViewModel.swift */ = {isa = PBXFileReference; lastKnownFileType = sourcecode.swift; path = GamesViewModel.swift; sourceTree = "<group>"; };
		6C5BCE662973668600B71BEC /* GamesCell.xib */ = {isa = PBXFileReference; lastKnownFileType = file.xib; path = GamesCell.xib; sourceTree = "<group>"; };
		6C5BCE672973668600B71BEC /* GamesCell.swift */ = {isa = PBXFileReference; lastKnownFileType = sourcecode.swift; path = GamesCell.swift; sourceTree = "<group>"; };
		6C5BCE6A29736C5000B71BEC /* GamesModel.swift */ = {isa = PBXFileReference; lastKnownFileType = sourcecode.swift; path = GamesModel.swift; sourceTree = "<group>"; };
		6C5BCE6C29736C6200B71BEC /* GamesApiModel.swift */ = {isa = PBXFileReference; lastKnownFileType = sourcecode.swift; path = GamesApiModel.swift; sourceTree = "<group>"; };
		6CA04A7329748AB200E3B89C /* GamesCellModel.swift */ = {isa = PBXFileReference; lastKnownFileType = sourcecode.swift; path = GamesCellModel.swift; sourceTree = "<group>"; };
		6CA04A7529748E7E00E3B89C /* DatabaseError.swift */ = {isa = PBXFileReference; lastKnownFileType = sourcecode.swift; path = DatabaseError.swift; sourceTree = "<group>"; };
		6CA04A7D29748FB200E3B89C /* GamesDetailViewController.xib */ = {isa = PBXFileReference; lastKnownFileType = file.xib; path = GamesDetailViewController.xib; sourceTree = "<group>"; };
		6CA04A7E29748FB200E3B89C /* GamesDetailViewController.swift */ = {isa = PBXFileReference; lastKnownFileType = sourcecode.swift; path = GamesDetailViewController.swift; sourceTree = "<group>"; };
		6CA04A8129749A2500E3B89C /* UIView+Extensions.swift */ = {isa = PBXFileReference; lastKnownFileType = sourcecode.swift; path = "UIView+Extensions.swift"; sourceTree = "<group>"; };
		834A4DBE13D458013F729C75 /* Pods-GamesApp.release.xcconfig */ = {isa = PBXFileReference; includeInIndex = 1; lastKnownFileType = text.xcconfig; name = "Pods-GamesApp.release.xcconfig"; path = "Target Support Files/Pods-GamesApp/Pods-GamesApp.release.xcconfig"; sourceTree = "<group>"; };
		A6CD03A18A9F2A60AB023058 /* Pods_GamesApp.framework */ = {isa = PBXFileReference; explicitFileType = wrapper.framework; includeInIndex = 0; path = Pods_GamesApp.framework; sourceTree = BUILT_PRODUCTS_DIR; };
/* End PBXFileReference section */

/* Begin PBXFrameworksBuildPhase section */
		6C5BCE1D29734AF400B71BEC /* Frameworks */ = {
			isa = PBXFrameworksBuildPhase;
			buildActionMask = 2147483647;
			files = (
				3CCB2222B22108F91BFB21F6 /* Pods_GamesApp.framework in Frameworks */,
			);
			runOnlyForDeploymentPostprocessing = 0;
		};
/* End PBXFrameworksBuildPhase section */

/* Begin PBXGroup section */
		1EE6A3E2F398842006E7C1C2 /* Pods */ = {
			isa = PBXGroup;
			children = (
				17FD2AC8B8F0D149B4A74DD1 /* Pods-GamesApp.debug.xcconfig */,
				834A4DBE13D458013F729C75 /* Pods-GamesApp.release.xcconfig */,
			);
			path = Pods;
			sourceTree = "<group>";
		};
		660B2A62953C9F47118FF096 /* Frameworks */ = {
			isa = PBXGroup;
			children = (
				A6CD03A18A9F2A60AB023058 /* Pods_GamesApp.framework */,
			);
			name = Frameworks;
			sourceTree = "<group>";
		};
		6C0945FF29753CBD007BCB8F /* Adapter */ = {
			isa = PBXGroup;
			children = (
				6C09460029753D32007BCB8F /* GamesDetailTableViewAdapter.swift */,
				6C09460E297544DA007BCB8F /* GamesDetailCollectionViewAdapter.swift */,
			);
			path = Adapter;
			sourceTree = "<group>";
		};
		6C09460229753E1D007BCB8F /* ViewModel */ = {
			isa = PBXGroup;
			children = (
				6C09460329753E32007BCB8F /* GamesDetailViewModel.swift */,
			);
			path = ViewModel;
			sourceTree = "<group>";
		};
		6C09460529753F8D007BCB8F /* Double */ = {
			isa = PBXGroup;
			children = (
				6C09460629753F9C007BCB8F /* Double+Extensions.swift */,
			);
			path = Double;
			sourceTree = "<group>";
		};
		6C09460829754053007BCB8F /* Cell */ = {
			isa = PBXGroup;
			children = (
				6C094610297545B5007BCB8F /* ImageCollectionViewCell */,
				6C09460929754059007BCB8F /* NoteTableViewCell */,
			);
			path = Cell;
			sourceTree = "<group>";
		};
		6C09460929754059007BCB8F /* NoteTableViewCell */ = {
			isa = PBXGroup;
			children = (
				6C09460A2975406F007BCB8F /* NoteCell.xib */,
				6C09460B2975406F007BCB8F /* NoteCell.swift */,
			);
			path = NoteTableViewCell;
			sourceTree = "<group>";
		};
		6C094610297545B5007BCB8F /* ImageCollectionViewCell */ = {
			isa = PBXGroup;
			children = (
				6C094611297545DE007BCB8F /* ImageCell.xib */,
				6C094612297545DE007BCB8F /* ImageCell.swift */,
			);
			path = ImageCollectionViewCell;
			sourceTree = "<group>";
		};
		6C1626D229746FBC00CFFE4B /* Utils */ = {
			isa = PBXGroup;
			children = (
				6C1626D329746FCF00CFFE4B /* ViewState.swift */,
				6CA04A7529748E7E00E3B89C /* DatabaseError.swift */,
			);
			path = Utils;
			sourceTree = "<group>";
		};
		6C1626D529747E5F00CFFE4B /* Manager */ = {
			isa = PBXGroup;
			children = (
				6C1626D629747E6A00CFFE4B /* CoreDataManager.swift */,
				6C09461529754C98007BCB8F /* NotificationManager.swift */,
			);
			path = Manager;
			sourceTree = "<group>";
		};
		6C5BCE1729734AF400B71BEC = {
			isa = PBXGroup;
			children = (
				6C5BCE2229734AF400B71BEC /* GamesApp */,
				6C5BCE2129734AF400B71BEC /* Products */,
				1EE6A3E2F398842006E7C1C2 /* Pods */,
				660B2A62953C9F47118FF096 /* Frameworks */,
			);
			sourceTree = "<group>";
		};
		6C5BCE2129734AF400B71BEC /* Products */ = {
			isa = PBXGroup;
			children = (
				6C5BCE2029734AF400B71BEC /* GamesApp.app */,
			);
			name = Products;
			sourceTree = "<group>";
		};
		6C5BCE2229734AF400B71BEC /* GamesApp */ = {
			isa = PBXGroup;
			children = (
				6C1626D529747E5F00CFFE4B /* Manager */,
				6C1626D229746FBC00CFFE4B /* Utils */,
				6C5BCE592973649000B71BEC /* Extensions */,
				6C5BCE4029734F1E00B71BEC /* Networking */,
				6C5BCE3A29734C0100B71BEC /* Modules */,
				6C5BCE2329734AF400B71BEC /* AppDelegate.swift */,
				6C5BCE2729734AF400B71BEC /* ViewController.swift */,
				6C5BCE2929734AF400B71BEC /* Main.storyboard */,
				6C5BCE2F29734AF500B71BEC /* Assets.xcassets */,
				6C5BCE3129734AF500B71BEC /* LaunchScreen.storyboard */,
				6C5BCE3429734AF500B71BEC /* Info.plist */,
				6C5BCE2C29734AF400B71BEC /* GamesApp.xcdatamodeld */,
			);
			path = GamesApp;
			sourceTree = "<group>";
		};
		6C5BCE3A29734C0100B71BEC /* Modules */ = {
			isa = PBXGroup;
			children = (
				6CA04A7729748F7100E3B89C /* GamesDetailModule */,
				6C5BCE4F29735EC700B71BEC /* GamesModule */,
				6C5BCE3B29734C0800B71BEC /* SplashModule */,
			);
			path = Modules;
			sourceTree = "<group>";
		};
		6C5BCE3B29734C0800B71BEC /* SplashModule */ = {
			isa = PBXGroup;
			children = (
				6C5BCE4B29735DC500B71BEC /* SplashViewController.xib */,
				6C5BCE4C29735DC500B71BEC /* SplashViewController.swift */,
			);
			path = SplashModule;
			sourceTree = "<group>";
		};
		6C5BCE4029734F1E00B71BEC /* Networking */ = {
			isa = PBXGroup;
			children = (
				6C5BCE4129734F3A00B71BEC /* NetworkHelper.swift */,
				6C5BCE432973519A00B71BEC /* NetworkManager.swift */,
			);
			path = Networking;
			sourceTree = "<group>";
		};
		6C5BCE4F29735EC700B71BEC /* GamesModule */ = {
			isa = PBXGroup;
			children = (
				6C5BCE612973656600B71BEC /* Adapter */,
				6C5BCE5029735EE900B71BEC /* ViewController */,
				6C5BCE5129735EEE00B71BEC /* ViewModel */,
				6C5BCE5229735EF400B71BEC /* View */,
				6C5BCE5329735EF900B71BEC /* Cell */,
				6C5BCE5429735F0000B71BEC /* Model */,
			);
			path = GamesModule;
			sourceTree = "<group>";
		};
		6C5BCE5029735EE900B71BEC /* ViewController */ = {
			isa = PBXGroup;
			children = (
				6C5BCE5529735F1E00B71BEC /* GamesViewController.xib */,
				6C5BCE5629735F1E00B71BEC /* GamesViewController.swift */,
			);
			path = ViewController;
			sourceTree = "<group>";
		};
		6C5BCE5129735EEE00B71BEC /* ViewModel */ = {
			isa = PBXGroup;
			children = (
				6C5BCE64297365B200B71BEC /* GamesViewModel.swift */,
			);
			path = ViewModel;
			sourceTree = "<group>";
		};
		6C5BCE5229735EF400B71BEC /* View */ = {
			isa = PBXGroup;
			children = (
			);
			path = View;
			sourceTree = "<group>";
		};
		6C5BCE5329735EF900B71BEC /* Cell */ = {
			isa = PBXGroup;
			children = (
				6C5BCE662973668600B71BEC /* GamesCell.xib */,
				6C5BCE672973668600B71BEC /* GamesCell.swift */,
			);
			path = Cell;
			sourceTree = "<group>";
		};
		6C5BCE5429735F0000B71BEC /* Model */ = {
			isa = PBXGroup;
			children = (
				6C5BCE6A29736C5000B71BEC /* GamesModel.swift */,
				6C5BCE6C29736C6200B71BEC /* GamesApiModel.swift */,
				6CA04A7329748AB200E3B89C /* GamesCellModel.swift */,
			);
			path = Model;
			sourceTree = "<group>";
		};
		6C5BCE592973649000B71BEC /* Extensions */ = {
			isa = PBXGroup;
			children = (
				6C09460529753F8D007BCB8F /* Double */,
				6C5BCE5E297364FD00B71BEC /* View */,
				6C5BCE5A2973649700B71BEC /* NSObject */,
			);
			path = Extensions;
			sourceTree = "<group>";
		};
		6C5BCE5A2973649700B71BEC /* NSObject */ = {
			isa = PBXGroup;
			children = (
				6C5BCE5B297364B200B71BEC /* NSObject+Extension.swift */,
			);
			path = NSObject;
			sourceTree = "<group>";
		};
		6C5BCE5E297364FD00B71BEC /* View */ = {
			isa = PBXGroup;
			children = (
				6C5BCE5F2973650C00B71BEC /* UITableView+Extension.swift */,
				6CA04A8129749A2500E3B89C /* UIView+Extensions.swift */,
			);
			path = View;
			sourceTree = "<group>";
		};
		6C5BCE612973656600B71BEC /* Adapter */ = {
			isa = PBXGroup;
			children = (
				6C5BCE622973657F00B71BEC /* GamesTableViewAdapter.swift */,
				6C1626CF2974664900CFFE4B /* GamePickerViewAdapter.swift */,
			);
			path = Adapter;
			sourceTree = "<group>";
		};
		6CA04A7729748F7100E3B89C /* GamesDetailModule */ = {
			isa = PBXGroup;
			children = (
				6C09460829754053007BCB8F /* Cell */,
				6C09460229753E1D007BCB8F /* ViewModel */,
				6C0945FF29753CBD007BCB8F /* Adapter */,
				6CA04A7829748F7C00E3B89C /* ViewController */,
			);
			path = GamesDetailModule;
			sourceTree = "<group>";
		};
		6CA04A7829748F7C00E3B89C /* ViewController */ = {
			isa = PBXGroup;
			children = (
				6CA04A7D29748FB200E3B89C /* GamesDetailViewController.xib */,
				6CA04A7E29748FB200E3B89C /* GamesDetailViewController.swift */,
			);
			path = ViewController;
			sourceTree = "<group>";
		};
/* End PBXGroup section */

/* Begin PBXNativeTarget section */
		6C5BCE1F29734AF400B71BEC /* GamesApp */ = {
			isa = PBXNativeTarget;
			buildConfigurationList = 6C5BCE3729734AF500B71BEC /* Build configuration list for PBXNativeTarget "GamesApp" */;
			buildPhases = (
				7B2FFA94D5C791AE79B1D994 /* [CP] Check Pods Manifest.lock */,
				6C5BCE1C29734AF400B71BEC /* Sources */,
				6C5BCE1D29734AF400B71BEC /* Frameworks */,
				6C5BCE1E29734AF400B71BEC /* Resources */,
				DACD51F1A8D77CD59632568A /* [CP] Embed Pods Frameworks */,
			);
			buildRules = (
			);
			dependencies = (
			);
			name = GamesApp;
			productName = GamesApp;
			productReference = 6C5BCE2029734AF400B71BEC /* GamesApp.app */;
			productType = "com.apple.product-type.application";
		};
/* End PBXNativeTarget section */

/* Begin PBXProject section */
		6C5BCE1829734AF400B71BEC /* Project object */ = {
			isa = PBXProject;
			attributes = {
				BuildIndependentTargetsInParallel = 1;
				LastSwiftUpdateCheck = 1400;
				LastUpgradeCheck = 1400;
				TargetAttributes = {
					6C5BCE1F29734AF400B71BEC = {
						CreatedOnToolsVersion = 14.0;
					};
				};
			};
			buildConfigurationList = 6C5BCE1B29734AF400B71BEC /* Build configuration list for PBXProject "GamesApp" */;
			compatibilityVersion = "Xcode 14.0";
			developmentRegion = en;
			hasScannedForEncodings = 0;
			knownRegions = (
				en,
				Base,
			);
			mainGroup = 6C5BCE1729734AF400B71BEC;
			productRefGroup = 6C5BCE2129734AF400B71BEC /* Products */;
			projectDirPath = "";
			projectRoot = "";
			targets = (
				6C5BCE1F29734AF400B71BEC /* GamesApp */,
			);
		};
/* End PBXProject section */

/* Begin PBXResourcesBuildPhase section */
		6C5BCE1E29734AF400B71BEC /* Resources */ = {
			isa = PBXResourcesBuildPhase;
			buildActionMask = 2147483647;
			files = (
				6C5BCE3329734AF500B71BEC /* LaunchScreen.storyboard in Resources */,
				6C5BCE5729735F1E00B71BEC /* GamesViewController.xib in Resources */,
				6C5BCE3029734AF500B71BEC /* Assets.xcassets in Resources */,
				6C09460C2975406F007BCB8F /* NoteCell.xib in Resources */,
				6CA04A7F29748FB200E3B89C /* GamesDetailViewController.xib in Resources */,
				6C5BCE2B29734AF400B71BEC /* Main.storyboard in Resources */,
				6C094613297545DE007BCB8F /* ImageCell.xib in Resources */,
				6C5BCE4D29735DC500B71BEC /* SplashViewController.xib in Resources */,
				6C5BCE682973668600B71BEC /* GamesCell.xib in Resources */,
			);
			runOnlyForDeploymentPostprocessing = 0;
		};
/* End PBXResourcesBuildPhase section */

/* Begin PBXShellScriptBuildPhase section */
		7B2FFA94D5C791AE79B1D994 /* [CP] Check Pods Manifest.lock */ = {
			isa = PBXShellScriptBuildPhase;
			buildActionMask = 2147483647;
			files = (
			);
			inputFileListPaths = (
			);
			inputPaths = (
				"${PODS_PODFILE_DIR_PATH}/Podfile.lock",
				"${PODS_ROOT}/Manifest.lock",
			);
			name = "[CP] Check Pods Manifest.lock";
			outputFileListPaths = (
			);
			outputPaths = (
				"$(DERIVED_FILE_DIR)/Pods-GamesApp-checkManifestLockResult.txt",
			);
			runOnlyForDeploymentPostprocessing = 0;
			shellPath = /bin/sh;
			shellScript = "diff \"${PODS_PODFILE_DIR_PATH}/Podfile.lock\" \"${PODS_ROOT}/Manifest.lock\" > /dev/null\nif [ $? != 0 ] ; then\n    # print error to STDERR\n    echo \"error: The sandbox is not in sync with the Podfile.lock. Run 'pod install' or update your CocoaPods installation.\" >&2\n    exit 1\nfi\n# This output is used by Xcode 'outputs' to avoid re-running this script phase.\necho \"SUCCESS\" > \"${SCRIPT_OUTPUT_FILE_0}\"\n";
			showEnvVarsInLog = 0;
		};
		DACD51F1A8D77CD59632568A /* [CP] Embed Pods Frameworks */ = {
			isa = PBXShellScriptBuildPhase;
			buildActionMask = 2147483647;
			files = (
			);
			inputFileListPaths = (
				"${PODS_ROOT}/Target Support Files/Pods-GamesApp/Pods-GamesApp-frameworks-${CONFIGURATION}-input-files.xcfilelist",
			);
			name = "[CP] Embed Pods Frameworks";
			outputFileListPaths = (
				"${PODS_ROOT}/Target Support Files/Pods-GamesApp/Pods-GamesApp-frameworks-${CONFIGURATION}-output-files.xcfilelist",
			);
			runOnlyForDeploymentPostprocessing = 0;
			shellPath = /bin/sh;
			shellScript = "\"${PODS_ROOT}/Target Support Files/Pods-GamesApp/Pods-GamesApp-frameworks.sh\"\n";
			showEnvVarsInLog = 0;
		};
/* End PBXShellScriptBuildPhase section */

/* Begin PBXSourcesBuildPhase section */
		6C5BCE1C29734AF400B71BEC /* Sources */ = {
			isa = PBXSourcesBuildPhase;
			buildActionMask = 2147483647;
			files = (
				6C09460729753F9C007BCB8F /* Double+Extensions.swift in Sources */,
				6CA04A8229749A2500E3B89C /* UIView+Extensions.swift in Sources */,
				6C5BCE6D29736C6200B71BEC /* GamesApiModel.swift in Sources */,
				6CA04A8029748FB200E3B89C /* GamesDetailViewController.swift in Sources */,
				6C5BCE5829735F1E00B71BEC /* GamesViewController.swift in Sources */,
				6C1626D02974664900CFFE4B /* GamePickerViewAdapter.swift in Sources */,
				6C5BCE442973519A00B71BEC /* NetworkManager.swift in Sources */,
				6C1626D729747E6A00CFFE4B /* CoreDataManager.swift in Sources */,
				6C5BCE602973650C00B71BEC /* UITableView+Extension.swift in Sources */,
				6C5BCE2829734AF400B71BEC /* ViewController.swift in Sources */,
				6CA04A7429748AB200E3B89C /* GamesCellModel.swift in Sources */,
				6C094614297545DE007BCB8F /* ImageCell.swift in Sources */,
				6C09460F297544DA007BCB8F /* GamesDetailCollectionViewAdapter.swift in Sources */,
				6C1626D429746FCF00CFFE4B /* ViewState.swift in Sources */,
				6C5BCE5C297364B200B71BEC /* NSObject+Extension.swift in Sources */,
				6C5BCE65297365B200B71BEC /* GamesViewModel.swift in Sources */,
				6C5BCE632973657F00B71BEC /* GamesTableViewAdapter.swift in Sources */,
				6C09460129753D32007BCB8F /* GamesDetailTableViewAdapter.swift in Sources */,
				6C09461629754C98007BCB8F /* NotificationManager.swift in Sources */,
				6C5BCE6B29736C5000B71BEC /* GamesModel.swift in Sources */,
				6C09460429753E32007BCB8F /* GamesDetailViewModel.swift in Sources */,
				6C5BCE692973668600B71BEC /* GamesCell.swift in Sources */,
				6C5BCE2429734AF400B71BEC /* AppDelegate.swift in Sources */,
				6C5BCE4E29735DC500B71BEC /* SplashViewController.swift in Sources */,
				6C5BCE4229734F3A00B71BEC /* NetworkHelper.swift in Sources */,
				6C09460D2975406F007BCB8F /* NoteCell.swift in Sources */,
				6CA04A7629748E7E00E3B89C /* DatabaseError.swift in Sources */,
				6C5BCE2E29734AF400B71BEC /* GamesApp.xcdatamodeld in Sources */,
			);
			runOnlyForDeploymentPostprocessing = 0;
		};
/* End PBXSourcesBuildPhase section */

/* Begin PBXVariantGroup section */
		6C5BCE2929734AF400B71BEC /* Main.storyboard */ = {
			isa = PBXVariantGroup;
			children = (
				6C5BCE2A29734AF400B71BEC /* Base */,
			);
			name = Main.storyboard;
			sourceTree = "<group>";
		};
		6C5BCE3129734AF500B71BEC /* LaunchScreen.storyboard */ = {
			isa = PBXVariantGroup;
			children = (
				6C5BCE3229734AF500B71BEC /* Base */,
			);
			name = LaunchScreen.storyboard;
			sourceTree = "<group>";
		};
/* End PBXVariantGroup section */

/* Begin XCBuildConfiguration section */
		6C5BCE3529734AF500B71BEC /* Debug */ = {
			isa = XCBuildConfiguration;
			buildSettings = {
				ALWAYS_SEARCH_USER_PATHS = NO;
				CLANG_ANALYZER_NONNULL = YES;
				CLANG_ANALYZER_NUMBER_OBJECT_CONVERSION = YES_AGGRESSIVE;
				CLANG_CXX_LANGUAGE_STANDARD = "gnu++20";
				CLANG_ENABLE_MODULES = YES;
				CLANG_ENABLE_OBJC_ARC = YES;
				CLANG_ENABLE_OBJC_WEAK = YES;
				CLANG_WARN_BLOCK_CAPTURE_AUTORELEASING = YES;
				CLANG_WARN_BOOL_CONVERSION = YES;
				CLANG_WARN_COMMA = YES;
				CLANG_WARN_CONSTANT_CONVERSION = YES;
				CLANG_WARN_DEPRECATED_OBJC_IMPLEMENTATIONS = YES;
				CLANG_WARN_DIRECT_OBJC_ISA_USAGE = YES_ERROR;
				CLANG_WARN_DOCUMENTATION_COMMENTS = YES;
				CLANG_WARN_EMPTY_BODY = YES;
				CLANG_WARN_ENUM_CONVERSION = YES;
				CLANG_WARN_INFINITE_RECURSION = YES;
				CLANG_WARN_INT_CONVERSION = YES;
				CLANG_WARN_NON_LITERAL_NULL_CONVERSION = YES;
				CLANG_WARN_OBJC_IMPLICIT_RETAIN_SELF = YES;
				CLANG_WARN_OBJC_LITERAL_CONVERSION = YES;
				CLANG_WARN_OBJC_ROOT_CLASS = YES_ERROR;
				CLANG_WARN_QUOTED_INCLUDE_IN_FRAMEWORK_HEADER = YES;
				CLANG_WARN_RANGE_LOOP_ANALYSIS = YES;
				CLANG_WARN_STRICT_PROTOTYPES = YES;
				CLANG_WARN_SUSPICIOUS_MOVE = YES;
				CLANG_WARN_UNGUARDED_AVAILABILITY = YES_AGGRESSIVE;
				CLANG_WARN_UNREACHABLE_CODE = YES;
				CLANG_WARN__DUPLICATE_METHOD_MATCH = YES;
				COPY_PHASE_STRIP = NO;
				DEBUG_INFORMATION_FORMAT = dwarf;
				ENABLE_STRICT_OBJC_MSGSEND = YES;
				ENABLE_TESTABILITY = YES;
				GCC_C_LANGUAGE_STANDARD = gnu11;
				GCC_DYNAMIC_NO_PIC = NO;
				GCC_NO_COMMON_BLOCKS = YES;
				GCC_OPTIMIZATION_LEVEL = 0;
				GCC_PREPROCESSOR_DEFINITIONS = (
					"DEBUG=1",
					"$(inherited)",
				);
				GCC_WARN_64_TO_32_BIT_CONVERSION = YES;
				GCC_WARN_ABOUT_RETURN_TYPE = YES_ERROR;
				GCC_WARN_UNDECLARED_SELECTOR = YES;
				GCC_WARN_UNINITIALIZED_AUTOS = YES_AGGRESSIVE;
				GCC_WARN_UNUSED_FUNCTION = YES;
				GCC_WARN_UNUSED_VARIABLE = YES;
				IPHONEOS_DEPLOYMENT_TARGET = 16.0;
				MTL_ENABLE_DEBUG_INFO = INCLUDE_SOURCE;
				MTL_FAST_MATH = YES;
				ONLY_ACTIVE_ARCH = YES;
				SDKROOT = iphoneos;
				SWIFT_ACTIVE_COMPILATION_CONDITIONS = DEBUG;
				SWIFT_OPTIMIZATION_LEVEL = "-Onone";
			};
			name = Debug;
		};
		6C5BCE3629734AF500B71BEC /* Release */ = {
			isa = XCBuildConfiguration;
			buildSettings = {
				ALWAYS_SEARCH_USER_PATHS = NO;
				CLANG_ANALYZER_NONNULL = YES;
				CLANG_ANALYZER_NUMBER_OBJECT_CONVERSION = YES_AGGRESSIVE;
				CLANG_CXX_LANGUAGE_STANDARD = "gnu++20";
				CLANG_ENABLE_MODULES = YES;
				CLANG_ENABLE_OBJC_ARC = YES;
				CLANG_ENABLE_OBJC_WEAK = YES;
				CLANG_WARN_BLOCK_CAPTURE_AUTORELEASING = YES;
				CLANG_WARN_BOOL_CONVERSION = YES;
				CLANG_WARN_COMMA = YES;
				CLANG_WARN_CONSTANT_CONVERSION = YES;
				CLANG_WARN_DEPRECATED_OBJC_IMPLEMENTATIONS = YES;
				CLANG_WARN_DIRECT_OBJC_ISA_USAGE = YES_ERROR;
				CLANG_WARN_DOCUMENTATION_COMMENTS = YES;
				CLANG_WARN_EMPTY_BODY = YES;
				CLANG_WARN_ENUM_CONVERSION = YES;
				CLANG_WARN_INFINITE_RECURSION = YES;
				CLANG_WARN_INT_CONVERSION = YES;
				CLANG_WARN_NON_LITERAL_NULL_CONVERSION = YES;
				CLANG_WARN_OBJC_IMPLICIT_RETAIN_SELF = YES;
				CLANG_WARN_OBJC_LITERAL_CONVERSION = YES;
				CLANG_WARN_OBJC_ROOT_CLASS = YES_ERROR;
				CLANG_WARN_QUOTED_INCLUDE_IN_FRAMEWORK_HEADER = YES;
				CLANG_WARN_RANGE_LOOP_ANALYSIS = YES;
				CLANG_WARN_STRICT_PROTOTYPES = YES;
				CLANG_WARN_SUSPICIOUS_MOVE = YES;
				CLANG_WARN_UNGUARDED_AVAILABILITY = YES_AGGRESSIVE;
				CLANG_WARN_UNREACHABLE_CODE = YES;
				CLANG_WARN__DUPLICATE_METHOD_MATCH = YES;
				COPY_PHASE_STRIP = NO;
				DEBUG_INFORMATION_FORMAT = "dwarf-with-dsym";
				ENABLE_NS_ASSERTIONS = NO;
				ENABLE_STRICT_OBJC_MSGSEND = YES;
				GCC_C_LANGUAGE_STANDARD = gnu11;
				GCC_NO_COMMON_BLOCKS = YES;
				GCC_WARN_64_TO_32_BIT_CONVERSION = YES;
				GCC_WARN_ABOUT_RETURN_TYPE = YES_ERROR;
				GCC_WARN_UNDECLARED_SELECTOR = YES;
				GCC_WARN_UNINITIALIZED_AUTOS = YES_AGGRESSIVE;
				GCC_WARN_UNUSED_FUNCTION = YES;
				GCC_WARN_UNUSED_VARIABLE = YES;
				IPHONEOS_DEPLOYMENT_TARGET = 16.0;
				MTL_ENABLE_DEBUG_INFO = NO;
				MTL_FAST_MATH = YES;
				SDKROOT = iphoneos;
				SWIFT_COMPILATION_MODE = wholemodule;
				SWIFT_OPTIMIZATION_LEVEL = "-O";
				VALIDATE_PRODUCT = YES;
			};
			name = Release;
		};
		6C5BCE3829734AF500B71BEC /* Debug */ = {
			isa = XCBuildConfiguration;
			baseConfigurationReference = 17FD2AC8B8F0D149B4A74DD1 /* Pods-GamesApp.debug.xcconfig */;
			buildSettings = {
				ASSETCATALOG_COMPILER_APPICON_NAME = AppIcon;
				ASSETCATALOG_COMPILER_GLOBAL_ACCENT_COLOR_NAME = AccentColor;
				CODE_SIGN_STYLE = Automatic;
				CURRENT_PROJECT_VERSION = 1;
				GENERATE_INFOPLIST_FILE = YES;
				INFOPLIST_FILE = GamesApp/Info.plist;
				INFOPLIST_KEY_UIApplicationSupportsIndirectInputEvents = YES;
				INFOPLIST_KEY_UILaunchStoryboardName = LaunchScreen;
				INFOPLIST_KEY_UIMainStoryboardFile = Main;
				INFOPLIST_KEY_UISupportedInterfaceOrientations_iPad = "UIInterfaceOrientationPortrait UIInterfaceOrientationPortraitUpsideDown UIInterfaceOrientationLandscapeLeft UIInterfaceOrientationLandscapeRight";
				INFOPLIST_KEY_UISupportedInterfaceOrientations_iPhone = "UIInterfaceOrientationPortrait UIInterfaceOrientationLandscapeLeft UIInterfaceOrientationLandscapeRight";
				IPHONEOS_DEPLOYMENT_TARGET = 15.4;
				LD_RUNPATH_SEARCH_PATHS = (
					"$(inherited)",
					"@executable_path/Frameworks",
				);
				MARKETING_VERSION = 1.0;
				PRODUCT_BUNDLE_IDENTIFIER = rasitkaplan.GamesApp;
				PRODUCT_NAME = "$(TARGET_NAME)";
				SWIFT_EMIT_LOC_STRINGS = YES;
				SWIFT_VERSION = 5.0;
				TARGETED_DEVICE_FAMILY = "1,2";
			};
			name = Debug;
		};
		6C5BCE3929734AF500B71BEC /* Release */ = {
			isa = XCBuildConfiguration;
			baseConfigurationReference = 834A4DBE13D458013F729C75 /* Pods-GamesApp.release.xcconfig */;
			buildSettings = {
				ASSETCATALOG_COMPILER_APPICON_NAME = AppIcon;
				ASSETCATALOG_COMPILER_GLOBAL_ACCENT_COLOR_NAME = AccentColor;
				CODE_SIGN_STYLE = Automatic;
				CURRENT_PROJECT_VERSION = 1;
				GENERATE_INFOPLIST_FILE = YES;
				INFOPLIST_FILE = GamesApp/Info.plist;
				INFOPLIST_KEY_UIApplicationSupportsIndirectInputEvents = YES;
				INFOPLIST_KEY_UILaunchStoryboardName = LaunchScreen;
				INFOPLIST_KEY_UIMainStoryboardFile = Main;
				INFOPLIST_KEY_UISupportedInterfaceOrientations_iPad = "UIInterfaceOrientationPortrait UIInterfaceOrientationPortraitUpsideDown UIInterfaceOrientationLandscapeLeft UIInterfaceOrientationLandscapeRight";
				INFOPLIST_KEY_UISupportedInterfaceOrientations_iPhone = "UIInterfaceOrientationPortrait UIInterfaceOrientationLandscapeLeft UIInterfaceOrientationLandscapeRight";
				IPHONEOS_DEPLOYMENT_TARGET = 15.4;
				LD_RUNPATH_SEARCH_PATHS = (
					"$(inherited)",
					"@executable_path/Frameworks",
				);
				MARKETING_VERSION = 1.0;
				PRODUCT_BUNDLE_IDENTIFIER = rasitkaplan.GamesApp;
				PRODUCT_NAME = "$(TARGET_NAME)";
				SWIFT_EMIT_LOC_STRINGS = YES;
				SWIFT_VERSION = 5.0;
				TARGETED_DEVICE_FAMILY = "1,2";
			};
			name = Release;
		};
/* End XCBuildConfiguration section */

/* Begin XCConfigurationList section */
		6C5BCE1B29734AF400B71BEC /* Build configuration list for PBXProject "GamesApp" */ = {
			isa = XCConfigurationList;
			buildConfigurations = (
				6C5BCE3529734AF500B71BEC /* Debug */,
				6C5BCE3629734AF500B71BEC /* Release */,
			);
			defaultConfigurationIsVisible = 0;
			defaultConfigurationName = Release;
		};
		6C5BCE3729734AF500B71BEC /* Build configuration list for PBXNativeTarget "GamesApp" */ = {
			isa = XCConfigurationList;
			buildConfigurations = (
				6C5BCE3829734AF500B71BEC /* Debug */,
				6C5BCE3929734AF500B71BEC /* Release */,
			);
			defaultConfigurationIsVisible = 0;
			defaultConfigurationName = Release;
		};
/* End XCConfigurationList section */

/* Begin XCVersionGroup section */
		6C5BCE2C29734AF400B71BEC /* GamesApp.xcdatamodeld */ = {
			isa = XCVersionGroup;
			children = (
				6C5BCE2D29734AF400B71BEC /* GamesApp.xcdatamodel */,
			);
			currentVersion = 6C5BCE2D29734AF400B71BEC /* GamesApp.xcdatamodel */;
			path = GamesApp.xcdatamodeld;
			sourceTree = "<group>";
			versionGroupType = wrapper.xcdatamodel;
		};
/* End XCVersionGroup section */
	};
	rootObject = 6C5BCE1829734AF400B71BEC /* Project object */;
}
