// !$*UTF8*$!
{
	archiveVersion = 1;
	classes = {
	};
	objectVersion = 56;
	objects = {

/* Begin PBXBuildFile section */
		6C5BCE2429734AF400B71BEC /* AppDelegate.swift in Sources */ = {isa = PBXBuildFile; fileRef = 6C5BCE2329734AF400B71BEC /* AppDelegate.swift */; };
		6C5BCE2829734AF400B71BEC /* ViewController.swift in Sources */ = {isa = PBXBuildFile; fileRef = 6C5BCE2729734AF400B71BEC /* ViewController.swift */; };
		6C5BCE2B29734AF400B71BEC /* Main.storyboard in Resources */ = {isa = PBXBuildFile; fileRef = 6C5BCE2929734AF400B71BEC /* Main.storyboard */; };
		6C5BCE2E29734AF400B71BEC /* GamesApp.xcdatamodeld in Sources */ = {isa = PBXBuildFile; fileRef = 6C5BCE2C29734AF400B71BEC /* GamesApp.xcdatamodeld */; };
		6C5BCE3029734AF500B71BEC /* Assets.xcassets in Resources */ = {isa = PBXBuildFile; fileRef = 6C5BCE2F29734AF500B71BEC /* Assets.xcassets */; };
		6C5BCE3329734AF500B71BEC /* LaunchScreen.storyboard in Resources */ = {isa = PBXBuildFile; fileRef = 6C5BCE3129734AF500B71BEC /* LaunchScreen.storyboard */; };
		6C5BCE3E29734C2000B71BEC /* SplashViewController.xib in Resources */ = {isa = PBXBuildFile; fileRef = 6C5BCE3C29734C2000B71BEC /* SplashViewController.xib */; };
		6C5BCE3F29734C2000B71BEC /* SplashViewController.swift in Sources */ = {isa = PBXBuildFile; fileRef = 6C5BCE3D29734C2000B71BEC /* SplashViewController.swift */; };
/* End PBXBuildFile section */

/* Begin PBXFileReference section */
		6C5BCE2029734AF400B71BEC /* GamesApp.app */ = {isa = PBXFileReference; explicitFileType = wrapper.application; includeInIndex = 0; path = GamesApp.app; sourceTree = BUILT_PRODUCTS_DIR; };
		6C5BCE2329734AF400B71BEC /* AppDelegate.swift */ = {isa = PBXFileReference; lastKnownFileType = sourcecode.swift; path = AppDelegate.swift; sourceTree = "<group>"; };
		6C5BCE2729734AF400B71BEC /* ViewController.swift */ = {isa = PBXFileReference; lastKnownFileType = sourcecode.swift; path = ViewController.swift; sourceTree = "<group>"; };
		6C5BCE2A29734AF400B71BEC /* Base */ = {isa = PBXFileReference; lastKnownFileType = file.storyboard; name = Base; path = Base.lproj/Main.storyboard; sourceTree = "<group>"; };
		6C5BCE2D29734AF400B71BEC /* GamesApp.xcdatamodel */ = {isa = PBXFileReference; lastKnownFileType = wrapper.xcdatamodel; path = GamesApp.xcdatamodel; sourceTree = "<group>"; };
		6C5BCE2F29734AF500B71BEC /* Assets.xcassets */ = {isa = PBXFileReference; lastKnownFileType = folder.assetcatalog; path = Assets.xcassets; sourceTree = "<group>"; };
		6C5BCE3229734AF500B71BEC /* Base */ = {isa = PBXFileReference; lastKnownFileType = file.storyboard; name = Base; path = Base.lproj/LaunchScreen.storyboard; sourceTree = "<group>"; };
		6C5BCE3429734AF500B71BEC /* Info.plist */ = {isa = PBXFileReference; lastKnownFileType = text.plist.xml; path = Info.plist; sourceTree = "<group>"; };
		6C5BCE3C29734C2000B71BEC /* SplashViewController.xib */ = {isa = PBXFileReference; lastKnownFileType = file.xib; path = SplashViewController.xib; sourceTree = "<group>"; };
		6C5BCE3D29734C2000B71BEC /* SplashViewController.swift */ = {isa = PBXFileReference; lastKnownFileType = sourcecode.swift; path = SplashViewController.swift; sourceTree = "<group>"; };
/* End PBXFileReference section */

/* Begin PBXFrameworksBuildPhase section */
		6C5BCE1D29734AF400B71BEC /* Frameworks */ = {
			isa = PBXFrameworksBuildPhase;
			buildActionMask = 2147483647;
			files = (
			);
			runOnlyForDeploymentPostprocessing = 0;
		};
/* End PBXFrameworksBuildPhase section */

/* Begin PBXGroup section */
		6C5BCE1729734AF400B71BEC = {
			isa = PBXGroup;
			children = (
				6C5BCE2229734AF400B71BEC /* GamesApp */,
				6C5BCE2129734AF400B71BEC /* Products */,
			);
			sourceTree = "<group>";
		};
		6C5BCE2129734AF400B71BEC /* Products */ = {
			isa = PBXGroup;
			children = (
				6C5BCE2029734AF400B71BEC /* GamesApp.app */,
			);
			name = Products;
			sourceTree = "<group>";
		};
		6C5BCE2229734AF400B71BEC /* GamesApp */ = {
			isa = PBXGroup;
			children = (
				6C5BCE3A29734C0100B71BEC /* Modules */,
				6C5BCE2329734AF400B71BEC /* AppDelegate.swift */,
				6C5BCE2729734AF400B71BEC /* ViewController.swift */,
				6C5BCE2929734AF400B71BEC /* Main.storyboard */,
				6C5BCE2F29734AF500B71BEC /* Assets.xcassets */,
				6C5BCE3129734AF500B71BEC /* LaunchScreen.storyboard */,
				6C5BCE3429734AF500B71BEC /* Info.plist */,
				6C5BCE2C29734AF400B71BEC /* GamesApp.xcdatamodeld */,
			);
			path = GamesApp;
			sourceTree = "<group>";
		};
		6C5BCE3A29734C0100B71BEC /* Modules */ = {
			isa = PBXGroup;
			children = (
				6C5BCE3B29734C0800B71BEC /* Splash */,
			);
			path = Modules;
			sourceTree = "<group>";
		};
		6C5BCE3B29734C0800B71BEC /* Splash */ = {
			isa = PBXGroup;
			children = (
				6C5BCE3C29734C2000B71BEC /* SplashViewController.xib */,
				6C5BCE3D29734C2000B71BEC /* SplashViewController.swift */,
			);
			path = Splash;
			sourceTree = "<group>";
		};
/* End PBXGroup section */

/* Begin PBXNativeTarget section */
		6C5BCE1F29734AF400B71BEC /* GamesApp */ = {
			isa = PBXNativeTarget;
			buildConfigurationList = 6C5BCE3729734AF500B71BEC /* Build configuration list for PBXNativeTarget "GamesApp" */;
			buildPhases = (
				6C5BCE1C29734AF400B71BEC /* Sources */,
				6C5BCE1D29734AF400B71BEC /* Frameworks */,
				6C5BCE1E29734AF400B71BEC /* Resources */,
			);
			buildRules = (
			);
			dependencies = (
			);
			name = GamesApp;
			productName = GamesApp;
			productReference = 6C5BCE2029734AF400B71BEC /* GamesApp.app */;
			productType = "com.apple.product-type.application";
		};
/* End PBXNativeTarget section */

/* Begin PBXProject section */
		6C5BCE1829734AF400B71BEC /* Project object */ = {
			isa = PBXProject;
			attributes = {
				BuildIndependentTargetsInParallel = 1;
				LastSwiftUpdateCheck = 1400;
				LastUpgradeCheck = 1400;
				TargetAttributes = {
					6C5BCE1F29734AF400B71BEC = {
						CreatedOnToolsVersion = 14.0;
					};
				};
			};
			buildConfigurationList = 6C5BCE1B29734AF400B71BEC /* Build configuration list for PBXProject "GamesApp" */;
			compatibilityVersion = "Xcode 14.0";
			developmentRegion = en;
			hasScannedForEncodings = 0;
			knownRegions = (
				en,
				Base,
			);
			mainGroup = 6C5BCE1729734AF400B71BEC;
			productRefGroup = 6C5BCE2129734AF400B71BEC /* Products */;
			projectDirPath = "";
			projectRoot = "";
			targets = (
				6C5BCE1F29734AF400B71BEC /* GamesApp */,
			);
		};
/* End PBXProject section */

/* Begin PBXResourcesBuildPhase section */
		6C5BCE1E29734AF400B71BEC /* Resources */ = {
			isa = PBXResourcesBuildPhase;
			buildActionMask = 2147483647;
			files = (
				6C5BCE3329734AF500B71BEC /* LaunchScreen.storyboard in Resources */,
				6C5BCE3029734AF500B71BEC /* Assets.xcassets in Resources */,
				6C5BCE2B29734AF400B71BEC /* Main.storyboard in Resources */,
				6C5BCE3E29734C2000B71BEC /* SplashViewController.xib in Resources */,
			);
			runOnlyForDeploymentPostprocessing = 0;
		};
/* End PBXResourcesBuildPhase section */

/* Begin PBXSourcesBuildPhase section */
		6C5BCE1C29734AF400B71BEC /* Sources */ = {
			isa = PBXSourcesBuildPhase;
			buildActionMask = 2147483647;
			files = (
				6C5BCE2829734AF400B71BEC /* ViewController.swift in Sources */,
				6C5BCE2429734AF400B71BEC /* AppDelegate.swift in Sources */,
				6C5BCE2E29734AF400B71BEC /* GamesApp.xcdatamodeld in Sources */,
				6C5BCE3F29734C2000B71BEC /* SplashViewController.swift in Sources */,
			);
			runOnlyForDeploymentPostprocessing = 0;
		};
/* End PBXSourcesBuildPhase section */

/* Begin PBXVariantGroup section */
		6C5BCE2929734AF400B71BEC /* Main.storyboard */ = {
			isa = PBXVariantGroup;
			children = (
				6C5BCE2A29734AF400B71BEC /* Base */,
			);
			name = Main.storyboard;
			sourceTree = "<group>";
		};
		6C5BCE3129734AF500B71BEC /* LaunchScreen.storyboard */ = {
			isa = PBXVariantGroup;
			children = (
				6C5BCE3229734AF500B71BEC /* Base */,
			);
			name = LaunchScreen.storyboard;
			sourceTree = "<group>";
		};
/* End PBXVariantGroup section */

/* Begin XCBuildConfiguration section */
		6C5BCE3529734AF500B71BEC /* Debug */ = {
			isa = XCBuildConfiguration;
			buildSettings = {
				ALWAYS_SEARCH_USER_PATHS = NO;
				CLANG_ANALYZER_NONNULL = YES;
				CLANG_ANALYZER_NUMBER_OBJECT_CONVERSION = YES_AGGRESSIVE;
				CLANG_CXX_LANGUAGE_STANDARD = "gnu++20";
				CLANG_ENABLE_MODULES = YES;
				CLANG_ENABLE_OBJC_ARC = YES;
				CLANG_ENABLE_OBJC_WEAK = YES;
				CLANG_WARN_BLOCK_CAPTURE_AUTORELEASING = YES;
				CLANG_WARN_BOOL_CONVERSION = YES;
				CLANG_WARN_COMMA = YES;
				CLANG_WARN_CONSTANT_CONVERSION = YES;
				CLANG_WARN_DEPRECATED_OBJC_IMPLEMENTATIONS = YES;
				CLANG_WARN_DIRECT_OBJC_ISA_USAGE = YES_ERROR;
				CLANG_WARN_DOCUMENTATION_COMMENTS = YES;
				CLANG_WARN_EMPTY_BODY = YES;
				CLANG_WARN_ENUM_CONVERSION = YES;
				CLANG_WARN_INFINITE_RECURSION = YES;
				CLANG_WARN_INT_CONVERSION = YES;
				CLANG_WARN_NON_LITERAL_NULL_CONVERSION = YES;
				CLANG_WARN_OBJC_IMPLICIT_RETAIN_SELF = YES;
				CLANG_WARN_OBJC_LITERAL_CONVERSION = YES;
				CLANG_WARN_OBJC_ROOT_CLASS = YES_ERROR;
				CLANG_WARN_QUOTED_INCLUDE_IN_FRAMEWORK_HEADER = YES;
				CLANG_WARN_RANGE_LOOP_ANALYSIS = YES;
				CLANG_WARN_STRICT_PROTOTYPES = YES;
				CLANG_WARN_SUSPICIOUS_MOVE = YES;
				CLANG_WARN_UNGUARDED_AVAILABILITY = YES_AGGRESSIVE;
				CLANG_WARN_UNREACHABLE_CODE = YES;
				CLANG_WARN__DUPLICATE_METHOD_MATCH = YES;
				COPY_PHASE_STRIP = NO;
				DEBUG_INFORMATION_FORMAT = dwarf;
				ENABLE_STRICT_OBJC_MSGSEND = YES;
				ENABLE_TESTABILITY = YES;
				GCC_C_LANGUAGE_STANDARD = gnu11;
				GCC_DYNAMIC_NO_PIC = NO;
				GCC_NO_COMMON_BLOCKS = YES;
				GCC_OPTIMIZATION_LEVEL = 0;
				GCC_PREPROCESSOR_DEFINITIONS = (
					"DEBUG=1",
					"$(inherited)",
				);
				GCC_WARN_64_TO_32_BIT_CONVERSION = YES;
				GCC_WARN_ABOUT_RETURN_TYPE = YES_ERROR;
				GCC_WARN_UNDECLARED_SELECTOR = YES;
				GCC_WARN_UNINITIALIZED_AUTOS = YES_AGGRESSIVE;
				GCC_WARN_UNUSED_FUNCTION = YES;
				GCC_WARN_UNUSED_VARIABLE = YES;
				IPHONEOS_DEPLOYMENT_TARGET = 16.0;
				MTL_ENABLE_DEBUG_INFO = INCLUDE_SOURCE;
				MTL_FAST_MATH = YES;
				ONLY_ACTIVE_ARCH = YES;
				SDKROOT = iphoneos;
				SWIFT_ACTIVE_COMPILATION_CONDITIONS = DEBUG;
				SWIFT_OPTIMIZATION_LEVEL = "-Onone";
			};
			name = Debug;
		};
		6C5BCE3629734AF500B71BEC /* Release */ = {
			isa = XCBuildConfiguration;
			buildSettings = {
				ALWAYS_SEARCH_USER_PATHS = NO;
				CLANG_ANALYZER_NONNULL = YES;
				CLANG_ANALYZER_NUMBER_OBJECT_CONVERSION = YES_AGGRESSIVE;
				CLANG_CXX_LANGUAGE_STANDARD = "gnu++20";
				CLANG_ENABLE_MODULES = YES;
				CLANG_ENABLE_OBJC_ARC = YES;
				CLANG_ENABLE_OBJC_WEAK = YES;
				CLANG_WARN_BLOCK_CAPTURE_AUTORELEASING = YES;
				CLANG_WARN_BOOL_CONVERSION = YES;
				CLANG_WARN_COMMA = YES;
				CLANG_WARN_CONSTANT_CONVERSION = YES;
				CLANG_WARN_DEPRECATED_OBJC_IMPLEMENTATIONS = YES;
				CLANG_WARN_DIRECT_OBJC_ISA_USAGE = YES_ERROR;
				CLANG_WARN_DOCUMENTATION_COMMENTS = YES;
				CLANG_WARN_EMPTY_BODY = YES;
				CLANG_WARN_ENUM_CONVERSION = YES;
				CLANG_WARN_INFINITE_RECURSION = YES;
				CLANG_WARN_INT_CONVERSION = YES;
				CLANG_WARN_NON_LITERAL_NULL_CONVERSION = YES;
				CLANG_WARN_OBJC_IMPLICIT_RETAIN_SELF = YES;
				CLANG_WARN_OBJC_LITERAL_CONVERSION = YES;
				CLANG_WARN_OBJC_ROOT_CLASS = YES_ERROR;
				CLANG_WARN_QUOTED_INCLUDE_IN_FRAMEWORK_HEADER = YES;
				CLANG_WARN_RANGE_LOOP_ANALYSIS = YES;
				CLANG_WARN_STRICT_PROTOTYPES = YES;
				CLANG_WARN_SUSPICIOUS_MOVE = YES;
				CLANG_WARN_UNGUARDED_AVAILABILITY = YES_AGGRESSIVE;
				CLANG_WARN_UNREACHABLE_CODE = YES;
				CLANG_WARN__DUPLICATE_METHOD_MATCH = YES;
				COPY_PHASE_STRIP = NO;
				DEBUG_INFORMATION_FORMAT = "dwarf-with-dsym";
				ENABLE_NS_ASSERTIONS = NO;
				ENABLE_STRICT_OBJC_MSGSEND = YES;
				GCC_C_LANGUAGE_STANDARD = gnu11;
				GCC_NO_COMMON_BLOCKS = YES;
				GCC_WARN_64_TO_32_BIT_CONVERSION = YES;
				GCC_WARN_ABOUT_RETURN_TYPE = YES_ERROR;
				GCC_WARN_UNDECLARED_SELECTOR = YES;
				GCC_WARN_UNINITIALIZED_AUTOS = YES_AGGRESSIVE;
				GCC_WARN_UNUSED_FUNCTION = YES;
				GCC_WARN_UNUSED_VARIABLE = YES;
				IPHONEOS_DEPLOYMENT_TARGET = 16.0;
				MTL_ENABLE_DEBUG_INFO = NO;
				MTL_FAST_MATH = YES;
				SDKROOT = iphoneos;
				SWIFT_COMPILATION_MODE = wholemodule;
				SWIFT_OPTIMIZATION_LEVEL = "-O";
				VALIDATE_PRODUCT = YES;
			};
			name = Release;
		};
		6C5BCE3829734AF500B71BEC /* Debug */ = {
			isa = XCBuildConfiguration;
			buildSettings = {
				ASSETCATALOG_COMPILER_APPICON_NAME = AppIcon;
				ASSETCATALOG_COMPILER_GLOBAL_ACCENT_COLOR_NAME = AccentColor;
				CODE_SIGN_STYLE = Automatic;
				CURRENT_PROJECT_VERSION = 1;
				GENERATE_INFOPLIST_FILE = YES;
				INFOPLIST_FILE = GamesApp/Info.plist;
				INFOPLIST_KEY_UIApplicationSupportsIndirectInputEvents = YES;
				INFOPLIST_KEY_UILaunchStoryboardName = LaunchScreen;
				INFOPLIST_KEY_UIMainStoryboardFile = Main;
				INFOPLIST_KEY_UISupportedInterfaceOrientations_iPad = "UIInterfaceOrientationPortrait UIInterfaceOrientationPortraitUpsideDown UIInterfaceOrientationLandscapeLeft UIInterfaceOrientationLandscapeRight";
				INFOPLIST_KEY_UISupportedInterfaceOrientations_iPhone = "UIInterfaceOrientationPortrait UIInterfaceOrientationLandscapeLeft UIInterfaceOrientationLandscapeRight";
				LD_RUNPATH_SEARCH_PATHS = (
					"$(inherited)",
					"@executable_path/Frameworks",
				);
				MARKETING_VERSION = 1.0;
				PRODUCT_BUNDLE_IDENTIFIER = rasitkaplan.GamesApp;
				PRODUCT_NAME = "$(TARGET_NAME)";
				SWIFT_EMIT_LOC_STRINGS = YES;
				SWIFT_VERSION = 5.0;
				TARGETED_DEVICE_FAMILY = "1,2";
			};
			name = Debug;
		};
		6C5BCE3929734AF500B71BEC /* Release */ = {
			isa = XCBuildConfiguration;
			buildSettings = {
				ASSETCATALOG_COMPILER_APPICON_NAME = AppIcon;
				ASSETCATALOG_COMPILER_GLOBAL_ACCENT_COLOR_NAME = AccentColor;
				CODE_SIGN_STYLE = Automatic;
				CURRENT_PROJECT_VERSION = 1;
				GENERATE_INFOPLIST_FILE = YES;
				INFOPLIST_FILE = GamesApp/Info.plist;
				INFOPLIST_KEY_UIApplicationSupportsIndirectInputEvents = YES;
				INFOPLIST_KEY_UILaunchStoryboardName = LaunchScreen;
				INFOPLIST_KEY_UIMainStoryboardFile = Main;
				INFOPLIST_KEY_UISupportedInterfaceOrientations_iPad = "UIInterfaceOrientationPortrait UIInterfaceOrientationPortraitUpsideDown UIInterfaceOrientationLandscapeLeft UIInterfaceOrientationLandscapeRight";
				INFOPLIST_KEY_UISupportedInterfaceOrientations_iPhone = "UIInterfaceOrientationPortrait UIInterfaceOrientationLandscapeLeft UIInterfaceOrientationLandscapeRight";
				LD_RUNPATH_SEARCH_PATHS = (
					"$(inherited)",
					"@executable_path/Frameworks",
				);
				MARKETING_VERSION = 1.0;
				PRODUCT_BUNDLE_IDENTIFIER = rasitkaplan.GamesApp;
				PRODUCT_NAME = "$(TARGET_NAME)";
				SWIFT_EMIT_LOC_STRINGS = YES;
				SWIFT_VERSION = 5.0;
				TARGETED_DEVICE_FAMILY = "1,2";
			};
			name = Release;
		};
/* End XCBuildConfiguration section */

/* Begin XCConfigurationList section */
		6C5BCE1B29734AF400B71BEC /* Build configuration list for PBXProject "GamesApp" */ = {
			isa = XCConfigurationList;
			buildConfigurations = (
				6C5BCE3529734AF500B71BEC /* Debug */,
				6C5BCE3629734AF500B71BEC /* Release */,
			);
			defaultConfigurationIsVisible = 0;
			defaultConfigurationName = Release;
		};
		6C5BCE3729734AF500B71BEC /* Build configuration list for PBXNativeTarget "GamesApp" */ = {
			isa = XCConfigurationList;
			buildConfigurations = (
				6C5BCE3829734AF500B71BEC /* Debug */,
				6C5BCE3929734AF500B71BEC /* Release */,
			);
			defaultConfigurationIsVisible = 0;
			defaultConfigurationName = Release;
		};
/* End XCConfigurationList section */

/* Begin XCVersionGroup section */
		6C5BCE2C29734AF400B71BEC /* GamesApp.xcdatamodeld */ = {
			isa = XCVersionGroup;
			children = (
				6C5BCE2D29734AF400B71BEC /* GamesApp.xcdatamodel */,
			);
			currentVersion = 6C5BCE2D29734AF400B71BEC /* GamesApp.xcdatamodel */;
			path = GamesApp.xcdatamodeld;
			sourceTree = "<group>";
			versionGroupType = wrapper.xcdatamodel;
		};
/* End XCVersionGroup section */
	};
	rootObject = 6C5BCE1829734AF400B71BEC /* Project object */;
}
